PODS:
  - BPViewsSubviewsInOutAnimation (1.2.0)

DEPENDENCIES:
  - BPViewsSubviewsInOutAnimation (from `../`)

EXTERNAL SOURCES:
  BPViewsSubviewsInOutAnimation:
    :path: ../

SPEC CHECKSUMS:
  BPViewsSubviewsInOutAnimation: efe145e6abd83dd7b8a09111b66b928964630a3c

PODFILE CHECKSUM: eef817f4d0477eb399ac6169339c5d28f6a2ccfe

COCOAPODS: 1.3.1
